{
  "name": "@mason/ast-grep",
  "version": "1.0.0",
  "lockfileVersion": 3,
  "requires": true,
  "packages": {
    "": {
      "name": "@mason/ast-grep",
      "version": "1.0.0",
      "license": "ISC",
      "dependencies": {
        "@ast-grep/cli": "^0.36.2"
      }
    },
    "node_modules/@ast-grep/cli": {
      "version": "0.36.2",
      "resolved": "https://registry.npmjs.org/@ast-grep/cli/-/cli-0.36.2.tgz",
      "integrity": "sha512-G4q5G6zgbdNFwTXLZj/yQfTom/l1xOx/0WelKV3ys07mdibu6pa+64hugvfqSrq64ub0TkJWhwEkcUlLzqE7xw==",
      "hasInstallScript": true,
      "dependencies": {
        "detect-libc": "2.0.3"
      },
      "bin": {
        "ast-grep": "ast-grep",
        "sg": "sg"
      },
      "engines": {
        "node": ">= 12.0.0"
      },
      "optionalDependencies": {
        "@ast-grep/cli-darwin-arm64": "0.36.2",
        "@ast-grep/cli-darwin-x64": "0.36.2",
        "@ast-grep/cli-linux-arm64-gnu": "0.36.2",
        "@ast-grep/cli-linux-x64-gnu": "0.36.2",
        "@ast-grep/cli-win32-arm64-msvc": "0.36.2",
        "@ast-grep/cli-win32-ia32-msvc": "0.36.2",
        "@ast-grep/cli-win32-x64-msvc": "0.36.2"
      }
    },
    "node_modules/@ast-grep/cli/node_modules/@ast-grep/cli-darwin-arm64": {
      "version": "0.36.2",
      "resolved": "https://registry.npmjs.org/@ast-grep/cli-darwin-arm64/-/cli-darwin-arm64-0.36.2.tgz",
      "integrity": "sha512-Kma1XlwQRYnTUGGGDkrq8iQigkquDjpUh61Y6s5UADyOccCyz9gQ3fjTvhlpKXQLIS3piscwpIArkATbFyrMSg==",
      "cpu": [
        "arm64"
      ],
      "license": "MIT",
      "optional": true,
      "os": [
        "darwin"
      ],
      "engines": {
        "node": ">= 10"
      }
    },
    "node_modules/@ast-grep/cli/node_modules/@ast-grep/cli-darwin-x64": {
      "version": "0.36.2",
      "resolved": "https://registry.npmjs.org/@ast-grep/cli-darwin-x64/-/cli-darwin-x64-0.36.2.tgz",
      "integrity": "sha512-SE97hVJVoycXIR9R3uDMp4kubnSHGW7+pcYjiCfhEWgoUxkpuQfyEa6exeNB99axmGdDaG7PcXeXD+dAr+yIuw==",
      "cpu": [
        "x64"
      ],
      "license": "MIT",
      "optional": true,
      "os": [
        "darwin"
      ],
      "engines": {
        "node": ">= 10"
      }
    },
    "node_modules/@ast-grep/cli/node_modules/@ast-grep/cli-linux-arm64-gnu": {
      "version": "0.36.2",
      "resolved": "https://registry.npmjs.org/@ast-grep/cli-linux-arm64-gnu/-/cli-linux-arm64-gnu-0.36.2.tgz",
      "integrity": "sha512-louma/oVylkEX/A5OkPezEPbtaiPvqcCt2XMjQQCMFJHmUHgPXTt3EgDdxHExT6dR0xrl5gFAjOwhHWcYpqlmA==",
      "cpu": [
        "arm64"
      ],
      "license": "MIT",
      "optional": true,
      "os": [
        "linux"
      ],
      "engines": {
        "node": ">= 10"
      }
    },
    "node_modules/@ast-grep/cli/node_modules/@ast-grep/cli-linux-x64-gnu": {
      "version": "0.36.2",
      "resolved": "https://registry.npmjs.org/@ast-grep/cli-linux-x64-gnu/-/cli-linux-x64-gnu-0.36.2.tgz",
      "integrity": "sha512-73BgEvUnqvEFmaO/vH+na0kkMESwLOAxt8TF0d8Hni4KAGBKe5ZyJVCxEGoRjR8kjmzoi8IjDtw4/PgQiC2oVg==",
      "cpu": [
        "x64"
      ],
      "license": "MIT",
      "optional": true,
      "os": [
        "linux"
      ],
      "engines": {
        "node": ">= 10"
      }
    },
    "node_modules/@ast-grep/cli/node_modules/@ast-grep/cli-win32-arm64-msvc": {
      "version": "0.36.2",
      "resolved": "https://registry.npmjs.org/@ast-grep/cli-win32-arm64-msvc/-/cli-win32-arm64-msvc-0.36.2.tgz",
      "integrity": "sha512-aHU4Ug9peELELZ97H9PMLIjkCzJ/zBNwzlmNIVM6hNbLOc2B8U8chni7jfOQK7KKm5gsBwwMll+6ACoM65Kuow==",
      "cpu": [
        "arm64"
      ],
      "license": "MIT",
      "optional": true,
      "os": [
        "win32"
      ],
      "engines": {
        "node": ">= 10"
      }
    },
    "node_modules/@ast-grep/cli/node_modules/@ast-grep/cli-win32-ia32-msvc": {
      "version": "0.36.2",
      "resolved": "https://registry.npmjs.org/@ast-grep/cli-win32-ia32-msvc/-/cli-win32-ia32-msvc-0.36.2.tgz",
      "integrity": "sha512-ny3S1WbKUKmZXSEy0nXfJWV6I5/NJfwpmSP/v+JOSCaaEeEySJrQ86zg/IqakHFgjXShhW1uxSdYY0C3FXIA2w==",
      "cpu": [
        "ia32"
      ],
      "license": "MIT",
      "optional": true,
      "os": [
        "win32"
      ],
      "engines": {
        "node": ">= 10"
      }
    },
    "node_modules/@ast-grep/cli/node_modules/@ast-grep/cli-win32-x64-msvc": {
      "version": "0.36.2",
      "resolved": "https://registry.npmjs.org/@ast-grep/cli-win32-x64-msvc/-/cli-win32-x64-msvc-0.36.2.tgz",
      "integrity": "sha512-Kyeh2gsjzHfVqdKHd+W0nHpuQnkf3qdKtsDsx7jR8X0hW1QqaRooabXnqUCZ3SeEi4mSCBPipuXUU15Z58dPOA==",
      "cpu": [
        "x64"
      ],
      "license": "MIT",
      "optional": true,
      "os": [
        "win32"
      ],
      "engines": {
        "node": ">= 10"
      }
    },
    "node_modules/@ast-grep/cli/node_modules/detect-libc": {
      "version": "2.0.3",
      "resolved": "https://registry.npmjs.org/detect-libc/-/detect-libc-2.0.3.tgz",
      "integrity": "sha512-bwy0MGW55bG41VqxxypOsdSdGqLwXPI/focwgTYCFMbdUiBAxLg9CFzG08sz2aqzknwiX7Hkl0bQENjg8iLByw==",
      "license": "Apache-2.0",
      "engines": {
        "node": ">=8"
      }
    }
  }
}
